
Microsoft Visual Studio Solution File, Format Version 12.00
# Visual Studio Version 16
VisualStudioVersion = 16.0.29102.190
MinimumVisualStudioVersion = 10.0.40219.1
Project("{8BC9CEB8-8B4A-11D0-8D11-00A0C91BC942}") = "circle", "circle.vcxproj", "{617901DD-92E7-4E40-A9F4-2BAED0E4A2C9}"
EndProject
Global
	GlobalSection(SolutionConfigurationPlatforms) = preSolution
		Debug|x64 = Debug|x64
		Debug|x86 = Debug|x86
		Release|x64 = Release|x64
		Release|x86 = Release|x86
	EndGlobalSection
	GlobalSection(ProjectConfigurationPlatforms) = postSolution
		{617901DD-92E7-4E40-A9F4-2BAED0E4A2C9}.Debug|x64.ActiveCfg = Debug|x64
		{617901DD-92E7-4E40-A9F4-2BAED0E4A2C9}.Debug|x64.Build.0 = Debug|x64
		{617901DD-92E7-4E40-A9F4-2BAED0E4A2C9}.Debug|x86.ActiveCfg = Debug|Win32
		{617901DD-92E7-4E40-A9F4-2BAED0E4A2C9}.Debug|x86.Build.0 = Debug|Win32
		{617901DD-92E7-4E40-A9F4-2BAED0E4A2C9}.Release|x64.ActiveCfg = Release|x64
		{617901DD-92E7-4E40-A9F4-2BAED0E4A2C9}.Release|x64.Build.0 = Release|x64
		{617901DD-92E7-4E40-A9F4-2BAED0E4A2C9}.Release|x86.ActiveCfg = Release|Win32
		{617901DD-92E7-4E40-A9F4-2BAED0E4A2C9}.Release|x86.Build.0 = Release|Win32
	EndGlobalSection
	GlobalSection(SolutionProperties) = preSolution
		HideSolutionNode = FALSE
	EndGlobalSection
	GlobalSection(ExtensibilityGlobals) = postSolution
		SolutionGuid = {2375BE95-72AB-43F8-81A4-F0C6A79EED28}
	EndGlobalSection
EndGlobal
